// !$*UTF8*$!
{
	archiveVersion = 1;
	classes = {
	};
	objectVersion = 46;
	objects = {

/* Begin PBXBuildFile section */
		601067451E65AFFA00481C99 /* main.m in Sources */ = {isa = PBXBuildFile; fileRef = 601067441E65AFFA00481C99 /* main.m */; };
		601067481E65AFFA00481C99 /* AppDelegate.m in Sources */ = {isa = PBXBuildFile; fileRef = 601067471E65AFFA00481C99 /* AppDelegate.m */; };
		6010674E1E65AFFA00481C99 /* Main.storyboard in Resources */ = {isa = PBXBuildFile; fileRef = 6010674C1E65AFFA00481C99 /* Main.storyboard */; };
		601067501E65AFFA00481C99 /* Assets.xcassets in Resources */ = {isa = PBXBuildFile; fileRef = 6010674F1E65AFFA00481C99 /* Assets.xcassets */; };
		601067531E65AFFA00481C99 /* LaunchScreen.storyboard in Resources */ = {isa = PBXBuildFile; fileRef = 601067511E65AFFA00481C99 /* LaunchScreen.storyboard */; };
		601067611E66B11700481C99 /* PQRunloop.m in Sources */ = {isa = PBXBuildFile; fileRef = 6010675F1E66B11700481C99 /* PQRunloop.m */; };
		601067631E66B98B00481C99 /* spaceship.jpg in Resources */ = {isa = PBXBuildFile; fileRef = 601067621E66B98B00481C99 /* spaceship.jpg */; };
		601492CC1E66D33500865CB1 /* Utils.m in Sources */ = {isa = PBXBuildFile; fileRef = 601492CB1E66D33500865CB1 /* Utils.m */; };
		601492F21E6716B800865CB1 /* ViewController.m in Sources */ = {isa = PBXBuildFile; fileRef = 6010674A1E65AFFA00481C99 /* ViewController.m */; };
/* End PBXBuildFile section */

/* Begin PBXFileReference section */
		601067401E65AFFA00481C99 /* Runloop-性能优化，加载大图.app */ = {isa = PBXFileReference; explicitFileType = wrapper.application; includeInIndex = 0; path = "Runloop-性能优化，加载大图.app"; sourceTree = BUILT_PRODUCTS_DIR; };
		601067441E65AFFA00481C99 /* main.m */ = {isa = PBXFileReference; lastKnownFileType = sourcecode.c.objc; path = main.m; sourceTree = "<group>"; };
		601067461E65AFFA00481C99 /* AppDelegate.h */ = {isa = PBXFileReference; lastKnownFileType = sourcecode.c.h; path = AppDelegate.h; sourceTree = "<group>"; };
		601067471E65AFFA00481C99 /* AppDelegate.m */ = {isa = PBXFileReference; lastKnownFileType = sourcecode.c.objc; path = AppDelegate.m; sourceTree = "<group>"; };
		601067491E65AFFA00481C99 /* ViewController.h */ = {isa = PBXFileReference; lastKnownFileType = sourcecode.c.h; path = ViewController.h; sourceTree = "<group>"; };
		6010674A1E65AFFA00481C99 /* ViewController.m */ = {isa = PBXFileReference; lastKnownFileType = sourcecode.c.objc; path = ViewController.m; sourceTree = "<group>"; };
		6010674D1E65AFFA00481C99 /* Base */ = {isa = PBXFileReference; lastKnownFileType = file.storyboard; name = Base; path = Base.lproj/Main.storyboard; sourceTree = "<group>"; };
		6010674F1E65AFFA00481C99 /* Assets.xcassets */ = {isa = PBXFileReference; lastKnownFileType = folder.assetcatalog; path = Assets.xcassets; sourceTree = "<group>"; };
		601067521E65AFFA00481C99 /* Base */ = {isa = PBXFileReference; lastKnownFileType = file.storyboard; name = Base; path = Base.lproj/LaunchScreen.storyboard; sourceTree = "<group>"; };
		601067541E65AFFA00481C99 /* Info.plist */ = {isa = PBXFileReference; lastKnownFileType = text.plist.xml; path = Info.plist; sourceTree = "<group>"; };
		6010675E1E66B11700481C99 /* PQRunloop.h */ = {isa = PBXFileReference; fileEncoding = 4; lastKnownFileType = sourcecode.c.h; path = PQRunloop.h; sourceTree = "<group>"; };
		6010675F1E66B11700481C99 /* PQRunloop.m */ = {isa = PBXFileReference; fileEncoding = 4; lastKnownFileType = sourcecode.c.objc; path = PQRunloop.m; sourceTree = "<group>"; };
		601067601E66B11700481C99 /* PQSingle.h */ = {isa = PBXFileReference; fileEncoding = 4; lastKnownFileType = sourcecode.c.h; path = PQSingle.h; sourceTree = "<group>"; };
		601067621E66B98B00481C99 /* spaceship.jpg */ = {isa = PBXFileReference; lastKnownFileType = image.jpeg; path = spaceship.jpg; sourceTree = "<group>"; };
		601492CA1E66D33500865CB1 /* Utils.h */ = {isa = PBXFileReference; fileEncoding = 4; lastKnownFileType = sourcecode.c.h; path = Utils.h; sourceTree = "<group>"; };
		601492CB1E66D33500865CB1 /* Utils.m */ = {isa = PBXFileReference; fileEncoding = 4; lastKnownFileType = sourcecode.c.objc; path = Utils.m; sourceTree = "<group>"; };
/* End PBXFileReference section */

/* Begin PBXFrameworksBuildPhase section */
		6010673D1E65AFFA00481C99 /* Frameworks */ = {
			isa = PBXFrameworksBuildPhase;
			buildActionMask = 2147483647;
			files = (
			);
			runOnlyForDeploymentPostprocessing = 0;
		};
/* End PBXFrameworksBuildPhase section */

/* Begin PBXGroup section */
		601067371E65AFFA00481C99 = {
			isa = PBXGroup;
			children = (
				601067421E65AFFA00481C99 /* Runloop-性能优化，加载大图 */,
				601067411E65AFFA00481C99 /* Products */,
			);
			sourceTree = "<group>";
		};
		601067411E65AFFA00481C99 /* Products */ = {
			isa = PBXGroup;
			children = (
				601067401E65AFFA00481C99 /* Runloop-性能优化，加载大图.app */,
			);
			name = Products;
			sourceTree = "<group>";
		};
		601067421E65AFFA00481C99 /* Runloop-性能优化，加载大图 */ = {
			isa = PBXGroup;
			children = (
				601067621E66B98B00481C99 /* spaceship.jpg */,
				6010675D1E66B11700481C99 /* RunloopClass */,
				601067461E65AFFA00481C99 /* AppDelegate.h */,
				601067471E65AFFA00481C99 /* AppDelegate.m */,
				601067491E65AFFA00481C99 /* ViewController.h */,
				6010674A1E65AFFA00481C99 /* ViewController.m */,
				6010674C1E65AFFA00481C99 /* Main.storyboard */,
				6010674F1E65AFFA00481C99 /* Assets.xcassets */,
				601067511E65AFFA00481C99 /* LaunchScreen.storyboard */,
				601067541E65AFFA00481C99 /* Info.plist */,
				601067431E65AFFA00481C99 /* Supporting Files */,
			);
			path = "Runloop-性能优化，加载大图";
			sourceTree = "<group>";
		};
		601067431E65AFFA00481C99 /* Supporting Files */ = {
			isa = PBXGroup;
			children = (
				601067441E65AFFA00481C99 /* main.m */,
			);
			name = "Supporting Files";
			sourceTree = "<group>";
		};
		6010675D1E66B11700481C99 /* RunloopClass */ = {
			isa = PBXGroup;
			children = (
				6010675E1E66B11700481C99 /* PQRunloop.h */,
				6010675F1E66B11700481C99 /* PQRunloop.m */,
				601067601E66B11700481C99 /* PQSingle.h */,
				601492CA1E66D33500865CB1 /* Utils.h */,
				601492CB1E66D33500865CB1 /* Utils.m */,
			);
			path = RunloopClass;
			sourceTree = "<group>";
		};
/* End PBXGroup section */

/* Begin PBXNativeTarget section */
		6010673F1E65AFFA00481C99 /* Runloop-性能优化，加载大图 */ = {
			isa = PBXNativeTarget;
			buildConfigurationList = 601067571E65AFFA00481C99 /* Build configuration list for PBXNativeTarget "Runloop-性能优化，加载大图" */;
			buildPhases = (
				6010673C1E65AFFA00481C99 /* Sources */,
				6010673D1E65AFFA00481C99 /* Frameworks */,
				6010673E1E65AFFA00481C99 /* Resources */,
			);
			buildRules = (
			);
			dependencies = (
			);
			name = "Runloop-性能优化，加载大图";
			productName = "Runloop-性能优化，加载大图";
			productReference = 601067401E65AFFA00481C99 /* Runloop-性能优化，加载大图.app */;
			productType = "com.apple.product-type.application";
		};
/* End PBXNativeTarget section */

/* Begin PBXProject section */
		601067381E65AFFA00481C99 /* Project object */ = {
			isa = PBXProject;
			attributes = {
				LastUpgradeCheck = 0820;
				ORGANIZATIONNAME = pgq;
				TargetAttributes = {
					6010673F1E65AFFA00481C99 = {
						CreatedOnToolsVersion = 8.2;
						ProvisioningStyle = Automatic;
					};
				};
			};
			buildConfigurationList = 6010673B1E65AFFA00481C99 /* Build configuration list for PBXProject "Runloop-性能优化，加载大图" */;
			compatibilityVersion = "Xcode 3.2";
			developmentRegion = English;
			hasScannedForEncodings = 0;
			knownRegions = (
				en,
				Base,
			);
			mainGroup = 601067371E65AFFA00481C99;
			productRefGroup = 601067411E65AFFA00481C99 /* Products */;
			projectDirPath = "";
			projectRoot = "";
			targets = (
				6010673F1E65AFFA00481C99 /* Runloop-性能优化，加载大图 */,
			);
		};
/* End PBXProject section */

/* Begin PBXResourcesBuildPhase section */
		6010673E1E65AFFA00481C99 /* Resources */ = {
			isa = PBXResourcesBuildPhase;
			buildActionMask = 2147483647;
			files = (
				601067631E66B98B00481C99 /* spaceship.jpg in Resources */,
				601067531E65AFFA00481C99 /* LaunchScreen.storyboard in Resources */,
				601067501E65AFFA00481C99 /* Assets.xcassets in Resources */,
				6010674E1E65AFFA00481C99 /* Main.storyboard in Resources */,
			);
			runOnlyForDeploymentPostprocessing = 0;
		};
/* End PBXResourcesBuildPhase section */

/* Begin PBXSourcesBuildPhase section */
		6010673C1E65AFFA00481C99 /* Sources */ = {
			isa = PBXSourcesBuildPhase;
			buildActionMask = 2147483647;
			files = (
				601067481E65AFFA00481C99 /* AppDelegate.m in Sources */,
				601067611E66B11700481C99 /* PQRunloop.m in Sources */,
				601492CC1E66D33500865CB1 /* Utils.m in Sources */,
				601067451E65AFFA00481C99 /* main.m in Sources */,
				601492F21E6716B800865CB1 /* ViewController.m in Sources */,
			);
			runOnlyForDeploymentPostprocessing = 0;
		};
/* End PBXSourcesBuildPhase section */

/* Begin PBXVariantGroup section */
		6010674C1E65AFFA00481C99 /* Main.storyboard */ = {
			isa = PBXVariantGroup;
			children = (
				6010674D1E65AFFA00481C99 /* Base */,
			);
			name = Main.storyboard;
			sourceTree = "<group>";
		};
		601067511E65AFFA00481C99 /* LaunchScreen.storyboard */ = {
			isa = PBXVariantGroup;
			children = (
				601067521E65AFFA00481C99 /* Base */,
			);
			name = LaunchScreen.storyboard;
			sourceTree = "<group>";
		};
/* End PBXVariantGroup section */

/* Begin XCBuildConfiguration section */
		601067551E65AFFA00481C99 /* Debug */ = {
			isa = XCBuildConfiguration;
			buildSettings = {
				ALWAYS_SEARCH_USER_PATHS = NO;
				CLANG_ANALYZER_NONNULL = YES;
				CLANG_CXX_LANGUAGE_STANDARD = "gnu++0x";
				CLANG_CXX_LIBRARY = "libc++";
				CLANG_ENABLE_MODULES = YES;
				CLANG_ENABLE_OBJC_ARC = YES;
				CLANG_WARN_BOOL_CONVERSION = YES;
				CLANG_WARN_CONSTANT_CONVERSION = YES;
				CLANG_WARN_DIRECT_OBJC_ISA_USAGE = YES_ERROR;
				CLANG_WARN_DOCUMENTATION_COMMENTS = YES;
				CLANG_WARN_EMPTY_BODY = YES;
				CLANG_WARN_ENUM_CONVERSION = YES;
				CLANG_WARN_INFINITE_RECURSION = YES;
				CLANG_WARN_INT_CONVERSION = YES;
				CLANG_WARN_OBJC_ROOT_CLASS = YES_ERROR;
				CLANG_WARN_SUSPICIOUS_MOVE = YES;
				CLANG_WARN_UNREACHABLE_CODE = YES;
				CLANG_WARN__DUPLICATE_METHOD_MATCH = YES;
				"CODE_SIGN_IDENTITY[sdk=iphoneos*]" = "iPhone Developer";
				COPY_PHASE_STRIP = NO;
				DEBUG_INFORMATION_FORMAT = dwarf;
				ENABLE_STRICT_OBJC_MSGSEND = YES;
				ENABLE_TESTABILITY = YES;
				GCC_C_LANGUAGE_STANDARD = gnu99;
				GCC_DYNAMIC_NO_PIC = NO;
				GCC_NO_COMMON_BLOCKS = YES;
				GCC_OPTIMIZATION_LEVEL = 0;
				GCC_PREPROCESSOR_DEFINITIONS = (
					"DEBUG=1",
					"$(inherited)",
				);
				GCC_WARN_64_TO_32_BIT_CONVERSION = YES;
				GCC_WARN_ABOUT_RETURN_TYPE = YES_ERROR;
				GCC_WARN_UNDECLARED_SELECTOR = YES;
				GCC_WARN_UNINITIALIZED_AUTOS = YES_AGGRESSIVE;
				GCC_WARN_UNUSED_FUNCTION = YES;
				GCC_WARN_UNUSED_VARIABLE = YES;
				IPHONEOS_DEPLOYMENT_TARGET = 10.2;
				MTL_ENABLE_DEBUG_INFO = YES;
				ONLY_ACTIVE_ARCH = YES;
				SDKROOT = iphoneos;
				TARGETED_DEVICE_FAMILY = "1,2";
			};
			name = Debug;
		};
		601067561E65AFFA00481C99 /* Release */ = {
			isa = XCBuildConfiguration;
			buildSettings = {
				ALWAYS_SEARCH_USER_PATHS = NO;
				CLANG_ANALYZER_NONNULL = YES;
				CLANG_CXX_LANGUAGE_STANDARD = "gnu++0x";
				CLANG_CXX_LIBRARY = "libc++";
				CLANG_ENABLE_MODULES = YES;
				CLANG_ENABLE_OBJC_ARC = YES;
				CLANG_WARN_BOOL_CONVERSION = YES;
				CLANG_WARN_CONSTANT_CONVERSION = YES;
				CLANG_WARN_DIRECT_OBJC_ISA_USAGE = YES_ERROR;
				CLANG_WARN_DOCUMENTATION_COMMENTS = YES;
				CLANG_WARN_EMPTY_BODY = YES;
				CLANG_WARN_ENUM_CONVERSION = YES;
				CLANG_WARN_INFINITE_RECURSION = YES;
				CLANG_WARN_INT_CONVERSION = YES;
				CLANG_WARN_OBJC_ROOT_CLASS = YES_ERROR;
				CLANG_WARN_SUSPICIOUS_MOVE = YES;
				CLANG_WARN_UNREACHABLE_CODE = YES;
				CLANG_WARN__DUPLICATE_METHOD_MATCH = YES;
				"CODE_SIGN_IDENTITY[sdk=iphoneos*]" = "iPhone Developer";
				COPY_PHASE_STRIP = NO;
				DEBUG_INFORMATION_FORMAT = "dwarf-with-dsym";
				ENABLE_NS_ASSERTIONS = NO;
				ENABLE_STRICT_OBJC_MSGSEND = YES;
				GCC_C_LANGUAGE_STANDARD = gnu99;
				GCC_NO_COMMON_BLOCKS = YES;
				GCC_WARN_64_TO_32_BIT_CONVERSION = YES;
				GCC_WARN_ABOUT_RETURN_TYPE = YES_ERROR;
				GCC_WARN_UNDECLARED_SELECTOR = YES;
				GCC_WARN_UNINITIALIZED_AUTOS = YES_AGGRESSIVE;
				GCC_WARN_UNUSED_FUNCTION = YES;
				GCC_WARN_UNUSED_VARIABLE = YES;
				IPHONEOS_DEPLOYMENT_TARGET = 10.2;
				MTL_ENABLE_DEBUG_INFO = NO;
				SDKROOT = iphoneos;
				TARGETED_DEVICE_FAMILY = "1,2";
				VALIDATE_PRODUCT = YES;
			};
			name = Release;
		};
		601067581E65AFFA00481C99 /* Debug */ = {
			isa = XCBuildConfiguration;
			buildSettings = {
				ASSETCATALOG_COMPILER_APPICON_NAME = AppIcon;
				INFOPLIST_FILE = "Runloop-性能优化，加载大图/Info.plist";
				LD_RUNPATH_SEARCH_PATHS = "$(inherited) @executable_path/Frameworks";
				PRODUCT_BUNDLE_IDENTIFIER = "codepgq.git.Runloop----------";
				PRODUCT_NAME = "$(TARGET_NAME)";
			};
			name = Debug;
		};
		601067591E65AFFA00481C99 /* Release */ = {
			isa = XCBuildConfiguration;
			buildSettings = {
				ASSETCATALOG_COMPILER_APPICON_NAME = AppIcon;
				INFOPLIST_FILE = "Runloop-性能优化，加载大图/Info.plist";
				LD_RUNPATH_SEARCH_PATHS = "$(inherited) @executable_path/Frameworks";
				PRODUCT_BUNDLE_IDENTIFIER = "codepgq.git.Runloop----------";
				PRODUCT_NAME = "$(TARGET_NAME)";
			};
			name = Release;
		};
/* End XCBuildConfiguration section */

/* Begin XCConfigurationList section */
		6010673B1E65AFFA00481C99 /* Build configuration list for PBXProject "Runloop-性能优化，加载大图" */ = {
			isa = XCConfigurationList;
			buildConfigurations = (
				601067551E65AFFA00481C99 /* Debug */,
				601067561E65AFFA00481C99 /* Release */,
			);
			defaultConfigurationIsVisible = 0;
			defaultConfigurationName = Release;
		};
		601067571E65AFFA00481C99 /* Build configuration list for PBXNativeTarget "Runloop-性能优化，加载大图" */ = {
			isa = XCConfigurationList;
			buildConfigurations = (
				601067581E65AFFA00481C99 /* Debug */,
				601067591E65AFFA00481C99 /* Release */,
			);
			defaultConfigurationIsVisible = 0;
			defaultConfigurationName = Release;
		};
/* End XCConfigurationList section */
	};
	rootObject = 601067381E65AFFA00481C99 /* Project object */;
}
